
Microsoft Visual Studio Solution File, Format Version 12.00
# Visual Studio Version 16
VisualStudioVersion = 16.0.31424.327
MinimumVisualStudioVersion = 10.0.40219.1
Project("{FAE04EC0-301F-11D3-BF4B-00C04F79EFBC}") = "14.Manual.Dictionary.SortedDictionary.01", "14.Manual.Dictionary.SortedDictionary.01\14.Manual.Dictionary.SortedDictionary.01.csproj", "{0854DCD6-E2DF-4C39-9521-1DF207941C2F}"
EndProject
Global
	GlobalSection(SolutionConfigurationPlatforms) = preSolution
		Debug|Any CPU = Debug|Any CPU
		Release|Any CPU = Release|Any CPU
	EndGlobalSection
	GlobalSection(ProjectConfigurationPlatforms) = postSolution
		{0854DCD6-E2DF-4C39-9521-1DF207941C2F}.Debug|Any CPU.ActiveCfg = Debug|Any CPU
		{0854DCD6-E2DF-4C39-9521-1DF207941C2F}.Debug|Any CPU.Build.0 = Debug|Any CPU
		{0854DCD6-E2DF-4C39-9521-1DF207941C2F}.Release|Any CPU.ActiveCfg = Release|Any CPU
		{0854DCD6-E2DF-4C39-9521-1DF207941C2F}.Release|Any CPU.Build.0 = Release|Any CPU
	EndGlobalSection
	GlobalSection(SolutionProperties) = preSolution
		HideSolutionNode = FALSE
	EndGlobalSection
	GlobalSection(ExtensibilityGlobals) = postSolution
		SolutionGuid = {AD82C756-895D-47BE-ACC4-3F38BDC8F39D}
	EndGlobalSection
EndGlobal
